// !$*UTF8*$!
{
	archiveVersion = 1;
	classes = {
	};
	objectVersion = 50;
	objects = {

/* Begin PBXBuildFile section */
		7935F81424A64ADD00B8F1A9 /* AppDelegate.swift in Sources */ = {isa = PBXBuildFile; fileRef = 7935F81324A64ADD00B8F1A9 /* AppDelegate.swift */; };
		7935F81624A64ADD00B8F1A9 /* SceneDelegate.swift in Sources */ = {isa = PBXBuildFile; fileRef = 7935F81524A64ADD00B8F1A9 /* SceneDelegate.swift */; };
		7935F81824A64ADD00B8F1A9 /* ContentView.swift in Sources */ = {isa = PBXBuildFile; fileRef = 7935F81724A64ADD00B8F1A9 /* ContentView.swift */; };
		7935F81A24A64AE000B8F1A9 /* Assets.xcassets in Resources */ = {isa = PBXBuildFile; fileRef = 7935F81924A64AE000B8F1A9 /* Assets.xcassets */; };
		7935F81D24A64AE000B8F1A9 /* Preview Assets.xcassets in Resources */ = {isa = PBXBuildFile; fileRef = 7935F81C24A64AE000B8F1A9 /* Preview Assets.xcassets */; };
		7935F82024A64AE000B8F1A9 /* LaunchScreen.storyboard in Resources */ = {isa = PBXBuildFile; fileRef = 7935F81E24A64AE000B8F1A9 /* LaunchScreen.storyboard */; };
		7935F82B24A64AE000B8F1A9 /* DeliverableTests.swift in Sources */ = {isa = PBXBuildFile; fileRef = 7935F82A24A64AE000B8F1A9 /* DeliverableTests.swift */; };
		7935F83624A64AE000B8F1A9 /* DeliverableUITests.swift in Sources */ = {isa = PBXBuildFile; fileRef = 7935F83524A64AE000B8F1A9 /* DeliverableUITests.swift */; };
/* End PBXBuildFile section */

/* Begin PBXContainerItemProxy section */
		7935F82724A64AE000B8F1A9 /* PBXContainerItemProxy */ = {
			isa = PBXContainerItemProxy;
			containerPortal = 7935F80824A64ADC00B8F1A9 /* Project object */;
			proxyType = 1;
			remoteGlobalIDString = 7935F80F24A64ADC00B8F1A9;
			remoteInfo = Deliverable;
		};
		7935F83224A64AE000B8F1A9 /* PBXContainerItemProxy */ = {
			isa = PBXContainerItemProxy;
			containerPortal = 7935F80824A64ADC00B8F1A9 /* Project object */;
			proxyType = 1;
			remoteGlobalIDString = 7935F80F24A64ADC00B8F1A9;
			remoteInfo = Deliverable;
		};
/* End PBXContainerItemProxy section */

/* Begin PBXFileReference section */
		7935F81024A64ADC00B8F1A9 /* Deliverable.app */ = {isa = PBXFileReference; explicitFileType = wrapper.application; includeInIndex = 0; path = Deliverable.app; sourceTree = BUILT_PRODUCTS_DIR; };
		7935F81324A64ADD00B8F1A9 /* AppDelegate.swift */ = {isa = PBXFileReference; lastKnownFileType = sourcecode.swift; path = AppDelegate.swift; sourceTree = "<group>"; };
		7935F81524A64ADD00B8F1A9 /* SceneDelegate.swift */ = {isa = PBXFileReference; lastKnownFileType = sourcecode.swift; path = SceneDelegate.swift; sourceTree = "<group>"; };
		7935F81724A64ADD00B8F1A9 /* ContentView.swift */ = {isa = PBXFileReference; lastKnownFileType = sourcecode.swift; path = ContentView.swift; sourceTree = "<group>"; };
		7935F81924A64AE000B8F1A9 /* Assets.xcassets */ = {isa = PBXFileReference; lastKnownFileType = folder.assetcatalog; path = Assets.xcassets; sourceTree = "<group>"; };
		7935F81C24A64AE000B8F1A9 /* Preview Assets.xcassets */ = {isa = PBXFileReference; lastKnownFileType = folder.assetcatalog; path = "Preview Assets.xcassets"; sourceTree = "<group>"; };
		7935F81F24A64AE000B8F1A9 /* Base */ = {isa = PBXFileReference; lastKnownFileType = file.storyboard; name = Base; path = Base.lproj/LaunchScreen.storyboard; sourceTree = "<group>"; };
		7935F82124A64AE000B8F1A9 /* Info.plist */ = {isa = PBXFileReference; lastKnownFileType = text.plist.xml; path = Info.plist; sourceTree = "<group>"; };
		7935F82624A64AE000B8F1A9 /* DeliverableTests.xctest */ = {isa = PBXFileReference; explicitFileType = wrapper.cfbundle; includeInIndex = 0; path = DeliverableTests.xctest; sourceTree = BUILT_PRODUCTS_DIR; };
		7935F82A24A64AE000B8F1A9 /* DeliverableTests.swift */ = {isa = PBXFileReference; lastKnownFileType = sourcecode.swift; path = DeliverableTests.swift; sourceTree = "<group>"; };
		7935F82C24A64AE000B8F1A9 /* Info.plist */ = {isa = PBXFileReference; lastKnownFileType = text.plist.xml; path = Info.plist; sourceTree = "<group>"; };
		7935F83124A64AE000B8F1A9 /* DeliverableUITests.xctest */ = {isa = PBXFileReference; explicitFileType = wrapper.cfbundle; includeInIndex = 0; path = DeliverableUITests.xctest; sourceTree = BUILT_PRODUCTS_DIR; };
		7935F83524A64AE000B8F1A9 /* DeliverableUITests.swift */ = {isa = PBXFileReference; lastKnownFileType = sourcecode.swift; path = DeliverableUITests.swift; sourceTree = "<group>"; };
		7935F83724A64AE000B8F1A9 /* Info.plist */ = {isa = PBXFileReference; lastKnownFileType = text.plist.xml; path = Info.plist; sourceTree = "<group>"; };
/* End PBXFileReference section */

/* Begin PBXFrameworksBuildPhase section */
		7935F80D24A64ADC00B8F1A9 /* Frameworks */ = {
			isa = PBXFrameworksBuildPhase;
			buildActionMask = 2147483647;
			files = (
			);
			runOnlyForDeploymentPostprocessing = 0;
		};
		7935F82324A64AE000B8F1A9 /* Frameworks */ = {
			isa = PBXFrameworksBuildPhase;
			buildActionMask = 2147483647;
			files = (
			);
			runOnlyForDeploymentPostprocessing = 0;
		};
		7935F82E24A64AE000B8F1A9 /* Frameworks */ = {
			isa = PBXFrameworksBuildPhase;
			buildActionMask = 2147483647;
			files = (
			);
			runOnlyForDeploymentPostprocessing = 0;
		};
/* End PBXFrameworksBuildPhase section */

/* Begin PBXGroup section */
		7935F80724A64ADC00B8F1A9 = {
			isa = PBXGroup;
			children = (
				7935F81224A64ADC00B8F1A9 /* Deliverable */,
				7935F82924A64AE000B8F1A9 /* DeliverableTests */,
				7935F83424A64AE000B8F1A9 /* DeliverableUITests */,
				7935F81124A64ADC00B8F1A9 /* Products */,
			);
			sourceTree = "<group>";
		};
		7935F81124A64ADC00B8F1A9 /* Products */ = {
			isa = PBXGroup;
			children = (
				7935F81024A64ADC00B8F1A9 /* Deliverable.app */,
				7935F82624A64AE000B8F1A9 /* DeliverableTests.xctest */,
				7935F83124A64AE000B8F1A9 /* DeliverableUITests.xctest */,
			);
			name = Products;
			sourceTree = "<group>";
		};
		7935F81224A64ADC00B8F1A9 /* Deliverable */ = {
			isa = PBXGroup;
			children = (
				7935F81324A64ADD00B8F1A9 /* AppDelegate.swift */,
				7935F81524A64ADD00B8F1A9 /* SceneDelegate.swift */,
				7935F81724A64ADD00B8F1A9 /* ContentView.swift */,
				7935F81924A64AE000B8F1A9 /* Assets.xcassets */,
				7935F81E24A64AE000B8F1A9 /* LaunchScreen.storyboard */,
				7935F82124A64AE000B8F1A9 /* Info.plist */,
				7935F81B24A64AE000B8F1A9 /* Preview Content */,
			);
			path = Deliverable;
			sourceTree = "<group>";
		};
		7935F81B24A64AE000B8F1A9 /* Preview Content */ = {
			isa = PBXGroup;
			children = (
				7935F81C24A64AE000B8F1A9 /* Preview Assets.xcassets */,
			);
			path = "Preview Content";
			sourceTree = "<group>";
		};
		7935F82924A64AE000B8F1A9 /* DeliverableTests */ = {
			isa = PBXGroup;
			children = (
				7935F82A24A64AE000B8F1A9 /* DeliverableTests.swift */,
				7935F82C24A64AE000B8F1A9 /* Info.plist */,
			);
			path = DeliverableTests;
			sourceTree = "<group>";
		};
		7935F83424A64AE000B8F1A9 /* DeliverableUITests */ = {
			isa = PBXGroup;
			children = (
				7935F83524A64AE000B8F1A9 /* DeliverableUITests.swift */,
				7935F83724A64AE000B8F1A9 /* Info.plist */,
			);
			path = DeliverableUITests;
			sourceTree = "<group>";
		};
/* End PBXGroup section */

/* Begin PBXNativeTarget section */
		7935F80F24A64ADC00B8F1A9 /* Deliverable */ = {
			isa = PBXNativeTarget;
			buildConfigurationList = 7935F83A24A64AE000B8F1A9 /* Build configuration list for PBXNativeTarget "Deliverable" */;
			buildPhases = (
				7935F80C24A64ADC00B8F1A9 /* Sources */,
				7935F80D24A64ADC00B8F1A9 /* Frameworks */,
				7935F80E24A64ADC00B8F1A9 /* Resources */,
			);
			buildRules = (
			);
			dependencies = (
			);
			name = Deliverable;
			productName = Deliverable;
			productReference = 7935F81024A64ADC00B8F1A9 /* Deliverable.app */;
			productType = "com.apple.product-type.application";
		};
		7935F82524A64AE000B8F1A9 /* DeliverableTests */ = {
			isa = PBXNativeTarget;
			buildConfigurationList = 7935F83D24A64AE000B8F1A9 /* Build configuration list for PBXNativeTarget "DeliverableTests" */;
			buildPhases = (
				7935F82224A64AE000B8F1A9 /* Sources */,
				7935F82324A64AE000B8F1A9 /* Frameworks */,
				7935F82424A64AE000B8F1A9 /* Resources */,
			);
			buildRules = (
			);
			dependencies = (
				7935F82824A64AE000B8F1A9 /* PBXTargetDependency */,
			);
			name = DeliverableTests;
			productName = DeliverableTests;
			productReference = 7935F82624A64AE000B8F1A9 /* DeliverableTests.xctest */;
			productType = "com.apple.product-type.bundle.unit-test";
		};
		7935F83024A64AE000B8F1A9 /* DeliverableUITests */ = {
			isa = PBXNativeTarget;
			buildConfigurationList = 7935F84024A64AE000B8F1A9 /* Build configuration list for PBXNativeTarget "DeliverableUITests" */;
			buildPhases = (
				7935F82D24A64AE000B8F1A9 /* Sources */,
				7935F82E24A64AE000B8F1A9 /* Frameworks */,
				7935F82F24A64AE000B8F1A9 /* Resources */,
			);
			buildRules = (
			);
			dependencies = (
				7935F83324A64AE000B8F1A9 /* PBXTargetDependency */,
			);
			name = DeliverableUITests;
			productName = DeliverableUITests;
			productReference = 7935F83124A64AE000B8F1A9 /* DeliverableUITests.xctest */;
			productType = "com.apple.product-type.bundle.ui-testing";
		};
/* End PBXNativeTarget section */

/* Begin PBXProject section */
		7935F80824A64ADC00B8F1A9 /* Project object */ = {
			isa = PBXProject;
			attributes = {
				LastSwiftUpdateCheck = 1140;
				LastUpgradeCheck = 1140;
				ORGANIZATIONNAME = "EisenWolf Studio";
				TargetAttributes = {
					7935F80F24A64ADC00B8F1A9 = {
						CreatedOnToolsVersion = 11.4.1;
					};
					7935F82524A64AE000B8F1A9 = {
						CreatedOnToolsVersion = 11.4.1;
						TestTargetID = 7935F80F24A64ADC00B8F1A9;
					};
					7935F83024A64AE000B8F1A9 = {
						CreatedOnToolsVersion = 11.4.1;
						TestTargetID = 7935F80F24A64ADC00B8F1A9;
					};
				};
			};
			buildConfigurationList = 7935F80B24A64ADC00B8F1A9 /* Build configuration list for PBXProject "Deliverable" */;
			compatibilityVersion = "Xcode 9.3";
			developmentRegion = en;
			hasScannedForEncodings = 0;
			knownRegions = (
				en,
				Base,
			);
			mainGroup = 7935F80724A64ADC00B8F1A9;
			productRefGroup = 7935F81124A64ADC00B8F1A9 /* Products */;
			projectDirPath = "";
			projectRoot = "";
			targets = (
				7935F80F24A64ADC00B8F1A9 /* Deliverable */,
				7935F82524A64AE000B8F1A9 /* DeliverableTests */,
				7935F83024A64AE000B8F1A9 /* DeliverableUITests */,
			);
		};
/* End PBXProject section */

/* Begin PBXResourcesBuildPhase section */
		7935F80E24A64ADC00B8F1A9 /* Resources */ = {
			isa = PBXResourcesBuildPhase;
			buildActionMask = 2147483647;
			files = (
				7935F82024A64AE000B8F1A9 /* LaunchScreen.storyboard in Resources */,
				7935F81D24A64AE000B8F1A9 /* Preview Assets.xcassets in Resources */,
				7935F81A24A64AE000B8F1A9 /* Assets.xcassets in Resources */,
			);
			runOnlyForDeploymentPostprocessing = 0;
		};
		7935F82424A64AE000B8F1A9 /* Resources */ = {
			isa = PBXResourcesBuildPhase;
			buildActionMask = 2147483647;
			files = (
			);
			runOnlyForDeploymentPostprocessing = 0;
		};
		7935F82F24A64AE000B8F1A9 /* Resources */ = {
			isa = PBXResourcesBuildPhase;
			buildActionMask = 2147483647;
			files = (
			);
			runOnlyForDeploymentPostprocessing = 0;
		};
/* End PBXResourcesBuildPhase section */

/* Begin PBXSourcesBuildPhase section */
		7935F80C24A64ADC00B8F1A9 /* Sources */ = {
			isa = PBXSourcesBuildPhase;
			buildActionMask = 2147483647;
			files = (
				7935F81424A64ADD00B8F1A9 /* AppDelegate.swift in Sources */,
				7935F81624A64ADD00B8F1A9 /* SceneDelegate.swift in Sources */,
				7935F81824A64ADD00B8F1A9 /* ContentView.swift in Sources */,
			);
			runOnlyForDeploymentPostprocessing = 0;
		};
		7935F82224A64AE000B8F1A9 /* Sources */ = {
			isa = PBXSourcesBuildPhase;
			buildActionMask = 2147483647;
			files = (
				7935F82B24A64AE000B8F1A9 /* DeliverableTests.swift in Sources */,
			);
			runOnlyForDeploymentPostprocessing = 0;
		};
		7935F82D24A64AE000B8F1A9 /* Sources */ = {
			isa = PBXSourcesBuildPhase;
			buildActionMask = 2147483647;
			files = (
				7935F83624A64AE000B8F1A9 /* DeliverableUITests.swift in Sources */,
			);
			runOnlyForDeploymentPostprocessing = 0;
		};
/* End PBXSourcesBuildPhase section */

/* Begin PBXTargetDependency section */
		7935F82824A64AE000B8F1A9 /* PBXTargetDependency */ = {
			isa = PBXTargetDependency;
			target = 7935F80F24A64ADC00B8F1A9 /* Deliverable */;
			targetProxy = 7935F82724A64AE000B8F1A9 /* PBXContainerItemProxy */;
		};
		7935F83324A64AE000B8F1A9 /* PBXTargetDependency */ = {
			isa = PBXTargetDependency;
			target = 7935F80F24A64ADC00B8F1A9 /* Deliverable */;
			targetProxy = 7935F83224A64AE000B8F1A9 /* PBXContainerItemProxy */;
		};
/* End PBXTargetDependency section */

/* Begin PBXVariantGroup section */
		7935F81E24A64AE000B8F1A9 /* LaunchScreen.storyboard */ = {
			isa = PBXVariantGroup;
			children = (
				7935F81F24A64AE000B8F1A9 /* Base */,
			);
			name = LaunchScreen.storyboard;
			sourceTree = "<group>";
		};
/* End PBXVariantGroup section */

/* Begin XCBuildConfiguration section */
		7935F83824A64AE000B8F1A9 /* Debug */ = {
			isa = XCBuildConfiguration;
			buildSettings = {
				ALWAYS_SEARCH_USER_PATHS = NO;
				CLANG_ANALYZER_NONNULL = YES;
				CLANG_ANALYZER_NUMBER_OBJECT_CONVERSION = YES_AGGRESSIVE;
				CLANG_CXX_LANGUAGE_STANDARD = "gnu++14";
				CLANG_CXX_LIBRARY = "libc++";
				CLANG_ENABLE_MODULES = YES;
				CLANG_ENABLE_OBJC_ARC = YES;
				CLANG_ENABLE_OBJC_WEAK = YES;
				CLANG_WARN_BLOCK_CAPTURE_AUTORELEASING = YES;
				CLANG_WARN_BOOL_CONVERSION = YES;
				CLANG_WARN_COMMA = YES;
				CLANG_WARN_CONSTANT_CONVERSION = YES;
				CLANG_WARN_DEPRECATED_OBJC_IMPLEMENTATIONS = YES;
				CLANG_WARN_DIRECT_OBJC_ISA_USAGE = YES_ERROR;
				CLANG_WARN_DOCUMENTATION_COMMENTS = YES;
				CLANG_WARN_EMPTY_BODY = YES;
				CLANG_WARN_ENUM_CONVERSION = YES;
				CLANG_WARN_INFINITE_RECURSION = YES;
				CLANG_WARN_INT_CONVERSION = YES;
				CLANG_WARN_NON_LITERAL_NULL_CONVERSION = YES;
				CLANG_WARN_OBJC_IMPLICIT_RETAIN_SELF = YES;
				CLANG_WARN_OBJC_LITERAL_CONVERSION = YES;
				CLANG_WARN_OBJC_ROOT_CLASS = YES_ERROR;
				CLANG_WARN_RANGE_LOOP_ANALYSIS = YES;
				CLANG_WARN_STRICT_PROTOTYPES = YES;
				CLANG_WARN_SUSPICIOUS_MOVE = YES;
				CLANG_WARN_UNGUARDED_AVAILABILITY = YES_AGGRESSIVE;
				CLANG_WARN_UNREACHABLE_CODE = YES;
				CLANG_WARN__DUPLICATE_METHOD_MATCH = YES;
				COPY_PHASE_STRIP = NO;
				DEBUG_INFORMATION_FORMAT = dwarf;
				ENABLE_STRICT_OBJC_MSGSEND = YES;
				ENABLE_TESTABILITY = YES;
				GCC_C_LANGUAGE_STANDARD = gnu11;
				GCC_DYNAMIC_NO_PIC = NO;
				GCC_NO_COMMON_BLOCKS = YES;
				GCC_OPTIMIZATION_LEVEL = 0;
				GCC_PREPROCESSOR_DEFINITIONS = (
					"DEBUG=1",
					"$(inherited)",
				);
				GCC_WARN_64_TO_32_BIT_CONVERSION = YES;
				GCC_WARN_ABOUT_RETURN_TYPE = YES_ERROR;
				GCC_WARN_UNDECLARED_SELECTOR = YES;
				GCC_WARN_UNINITIALIZED_AUTOS = YES_AGGRESSIVE;
				GCC_WARN_UNUSED_FUNCTION = YES;
				GCC_WARN_UNUSED_VARIABLE = YES;
				IPHONEOS_DEPLOYMENT_TARGET = 13.4;
				MTL_ENABLE_DEBUG_INFO = INCLUDE_SOURCE;
				MTL_FAST_MATH = YES;
				ONLY_ACTIVE_ARCH = YES;
				SDKROOT = iphoneos;
				SWIFT_ACTIVE_COMPILATION_CONDITIONS = DEBUG;
				SWIFT_OPTIMIZATION_LEVEL = "-Onone";
			};
			name = Debug;
		};
		7935F83924A64AE000B8F1A9 /* Release */ = {
			isa = XCBuildConfiguration;
			buildSettings = {
				ALWAYS_SEARCH_USER_PATHS = NO;
				CLANG_ANALYZER_NONNULL = YES;
				CLANG_ANALYZER_NUMBER_OBJECT_CONVERSION = YES_AGGRESSIVE;
				CLANG_CXX_LANGUAGE_STANDARD = "gnu++14";
				CLANG_CXX_LIBRARY = "libc++";
				CLANG_ENABLE_MODULES = YES;
				CLANG_ENABLE_OBJC_ARC = YES;
				CLANG_ENABLE_OBJC_WEAK = YES;
				CLANG_WARN_BLOCK_CAPTURE_AUTORELEASING = YES;
				CLANG_WARN_BOOL_CONVERSION = YES;
				CLANG_WARN_COMMA = YES;
				CLANG_WARN_CONSTANT_CONVERSION = YES;
				CLANG_WARN_DEPRECATED_OBJC_IMPLEMENTATIONS = YES;
				CLANG_WARN_DIRECT_OBJC_ISA_USAGE = YES_ERROR;
				CLANG_WARN_DOCUMENTATION_COMMENTS = YES;
				CLANG_WARN_EMPTY_BODY = YES;
				CLANG_WARN_ENUM_CONVERSION = YES;
				CLANG_WARN_INFINITE_RECURSION = YES;
				CLANG_WARN_INT_CONVERSION = YES;
				CLANG_WARN_NON_LITERAL_NULL_CONVERSION = YES;
				CLANG_WARN_OBJC_IMPLICIT_RETAIN_SELF = YES;
				CLANG_WARN_OBJC_LITERAL_CONVERSION = YES;
				CLANG_WARN_OBJC_ROOT_CLASS = YES_ERROR;
				CLANG_WARN_RANGE_LOOP_ANALYSIS = YES;
				CLANG_WARN_STRICT_PROTOTYPES = YES;
				CLANG_WARN_SUSPICIOUS_MOVE = YES;
				CLANG_WARN_UNGUARDED_AVAILABILITY = YES_AGGRESSIVE;
				CLANG_WARN_UNREACHABLE_CODE = YES;
				CLANG_WARN__DUPLICATE_METHOD_MATCH = YES;
				COPY_PHASE_STRIP = NO;
				DEBUG_INFORMATION_FORMAT = "dwarf-with-dsym";
				ENABLE_NS_ASSERTIONS = NO;
				ENABLE_STRICT_OBJC_MSGSEND = YES;
				GCC_C_LANGUAGE_STANDARD = gnu11;
				GCC_NO_COMMON_BLOCKS = YES;
				GCC_WARN_64_TO_32_BIT_CONVERSION = YES;
				GCC_WARN_ABOUT_RETURN_TYPE = YES_ERROR;
				GCC_WARN_UNDECLARED_SELECTOR = YES;
				GCC_WARN_UNINITIALIZED_AUTOS = YES_AGGRESSIVE;
				GCC_WARN_UNUSED_FUNCTION = YES;
				GCC_WARN_UNUSED_VARIABLE = YES;
				IPHONEOS_DEPLOYMENT_TARGET = 13.4;
				MTL_ENABLE_DEBUG_INFO = NO;
				MTL_FAST_MATH = YES;
				SDKROOT = iphoneos;
				SWIFT_COMPILATION_MODE = wholemodule;
				SWIFT_OPTIMIZATION_LEVEL = "-O";
				VALIDATE_PRODUCT = YES;
			};
			name = Release;
		};
		7935F83B24A64AE000B8F1A9 /* Debug */ = {
			isa = XCBuildConfiguration;
			buildSettings = {
				ASSETCATALOG_COMPILER_APPICON_NAME = AppIcon;
				CODE_SIGN_STYLE = Automatic;
				DEVELOPMENT_ASSET_PATHS = "\"Deliverable/Preview Content\"";
				ENABLE_PREVIEWS = YES;
				INFOPLIST_FILE = Deliverable/Info.plist;
				LD_RUNPATH_SEARCH_PATHS = (
					"$(inherited)",
					"@executable_path/Frameworks",
				);
				PRODUCT_BUNDLE_IDENTIFIER = com.EisenWolfStudio.Deliverable;
				PRODUCT_NAME = "$(TARGET_NAME)";
				SWIFT_VERSION = 5.0;
				TARGETED_DEVICE_FAMILY = "1,2";
			};
			name = Debug;
		};
		7935F83C24A64AE000B8F1A9 /* Release */ = {
			isa = XCBuildConfiguration;
			buildSettings = {
				ASSETCATALOG_COMPILER_APPICON_NAME = AppIcon;
				CODE_SIGN_STYLE = Automatic;
				DEVELOPMENT_ASSET_PATHS = "\"Deliverable/Preview Content\"";
				ENABLE_PREVIEWS = YES;
				INFOPLIST_FILE = Deliverable/Info.plist;
				LD_RUNPATH_SEARCH_PATHS = (
					"$(inherited)",
					"@executable_path/Frameworks",
				);
				PRODUCT_BUNDLE_IDENTIFIER = com.EisenWolfStudio.Deliverable;
				PRODUCT_NAME = "$(TARGET_NAME)";
				SWIFT_VERSION = 5.0;
				TARGETED_DEVICE_FAMILY = "1,2";
			};
			name = Release;
		};
		7935F83E24A64AE000B8F1A9 /* Debug */ = {
			isa = XCBuildConfiguration;
			buildSettings = {
				ALWAYS_EMBED_SWIFT_STANDARD_LIBRARIES = YES;
				BUNDLE_LOADER = "$(TEST_HOST)";
				CODE_SIGN_STYLE = Automatic;
				INFOPLIST_FILE = DeliverableTests/Info.plist;
				IPHONEOS_DEPLOYMENT_TARGET = 13.4;
				LD_RUNPATH_SEARCH_PATHS = (
					"$(inherited)",
					"@executable_path/Frameworks",
					"@loader_path/Frameworks",
				);
				PRODUCT_BUNDLE_IDENTIFIER = com.EisenWolfStudio.DeliverableTests;
				PRODUCT_NAME = "$(TARGET_NAME)";
				SWIFT_VERSION = 5.0;
				TARGETED_DEVICE_FAMILY = "1,2";
				TEST_HOST = "$(BUILT_PRODUCTS_DIR)/Deliverable.app/Deliverable";
			};
			name = Debug;
		};
		7935F83F24A64AE000B8F1A9 /* Release */ = {
			isa = XCBuildConfiguration;
			buildSettings = {
				ALWAYS_EMBED_SWIFT_STANDARD_LIBRARIES = YES;
				BUNDLE_LOADER = "$(TEST_HOST)";
				CODE_SIGN_STYLE = Automatic;
				INFOPLIST_FILE = DeliverableTests/Info.plist;
				IPHONEOS_DEPLOYMENT_TARGET = 13.4;
				LD_RUNPATH_SEARCH_PATHS = (
					"$(inherited)",
					"@executable_path/Frameworks",
					"@loader_path/Frameworks",
				);
				PRODUCT_BUNDLE_IDENTIFIER = com.EisenWolfStudio.DeliverableTests;
				PRODUCT_NAME = "$(TARGET_NAME)";
				SWIFT_VERSION = 5.0;
				TARGETED_DEVICE_FAMILY = "1,2";
				TEST_HOST = "$(BUILT_PRODUCTS_DIR)/Deliverable.app/Deliverable";
			};
			name = Release;
		};
		7935F84124A64AE000B8F1A9 /* Debug */ = {
			isa = XCBuildConfiguration;
			buildSettings = {
				ALWAYS_EMBED_SWIFT_STANDARD_LIBRARIES = YES;
				CODE_SIGN_STYLE = Automatic;
				INFOPLIST_FILE = DeliverableUITests/Info.plist;
				LD_RUNPATH_SEARCH_PATHS = (
					"$(inherited)",
					"@executable_path/Frameworks",
					"@loader_path/Frameworks",
				);
				PRODUCT_BUNDLE_IDENTIFIER = com.EisenWolfStudio.DeliverableUITests;
				PRODUCT_NAME = "$(TARGET_NAME)";
				SWIFT_VERSION = 5.0;
				TARGETED_DEVICE_FAMILY = "1,2";
				TEST_TARGET_NAME = Deliverable;
			};
			name = Debug;
		};
		7935F84224A64AE000B8F1A9 /* Release */ = {
			isa = XCBuildConfiguration;
			buildSettings = {
				ALWAYS_EMBED_SWIFT_STANDARD_LIBRARIES = YES;
				CODE_SIGN_STYLE = Automatic;
				INFOPLIST_FILE = DeliverableUITests/Info.plist;
				LD_RUNPATH_SEARCH_PATHS = (
					"$(inherited)",
					"@executable_path/Frameworks",
					"@loader_path/Frameworks",
				);
				PRODUCT_BUNDLE_IDENTIFIER = com.EisenWolfStudio.DeliverableUITests;
				PRODUCT_NAME = "$(TARGET_NAME)";
				SWIFT_VERSION = 5.0;
				TARGETED_DEVICE_FAMILY = "1,2";
				TEST_TARGET_NAME = Deliverable;
			};
			name = Release;
		};
/* End XCBuildConfiguration section */

/* Begin XCConfigurationList section */
		7935F80B24A64ADC00B8F1A9 /* Build configuration list for PBXProject "Deliverable" */ = {
			isa = XCConfigurationList;
			buildConfigurations = (
				7935F83824A64AE000B8F1A9 /* Debug */,
				7935F83924A64AE000B8F1A9 /* Release */,
			);
			defaultConfigurationIsVisible = 0;
			defaultConfigurationName = Release;
		};
		7935F83A24A64AE000B8F1A9 /* Build configuration list for PBXNativeTarget "Deliverable" */ = {
			isa = XCConfigurationList;
			buildConfigurations = (
				7935F83B24A64AE000B8F1A9 /* Debug */,
				7935F83C24A64AE000B8F1A9 /* Release */,
			);
			defaultConfigurationIsVisible = 0;
			defaultConfigurationName = Release;
		};
		7935F83D24A64AE000B8F1A9 /* Build configuration list for PBXNativeTarget "DeliverableTests" */ = {
			isa = XCConfigurationList;
			buildConfigurations = (
				7935F83E24A64AE000B8F1A9 /* Debug */,
				7935F83F24A64AE000B8F1A9 /* Release */,
			);
			defaultConfigurationIsVisible = 0;
			defaultConfigurationName = Release;
		};
		7935F84024A64AE000B8F1A9 /* Build configuration list for PBXNativeTarget "DeliverableUITests" */ = {
			isa = XCConfigurationList;
			buildConfigurations = (
				7935F84124A64AE000B8F1A9 /* Debug */,
				7935F84224A64AE000B8F1A9 /* Release */,
			);
			defaultConfigurationIsVisible = 0;
			defaultConfigurationName = Release;
		};
/* End XCConfigurationList section */
	};
	rootObject = 7935F80824A64ADC00B8F1A9 /* Project object */;
}
